
Microsoft Visual Studio Solution File, Format Version 12.00
# Visual Studio Version 17
VisualStudioVersion = 17.5.33530.505
MinimumVisualStudioVersion = 10.0.40219.1
Project("{FAE04EC0-301F-11D3-BF4B-00C04F79EFBC}") = "PockerShuffle", "PockerShuffle.csproj", "{3EDCDCF1-86C4-438E-832D-6B5C96CA392A}"
EndProject
Global
	GlobalSection(SolutionConfigurationPlatforms) = preSolution
		Debug|Any CPU = Debug|Any CPU
		Release|Any CPU = Release|Any CPU
	EndGlobalSection
	GlobalSection(ProjectConfigurationPlatforms) = postSolution
		{3EDCDCF1-86C4-438E-832D-6B5C96CA392A}.Debug|Any CPU.ActiveCfg = Debug|Any CPU
		{3EDCDCF1-86C4-438E-832D-6B5C96CA392A}.Debug|Any CPU.Build.0 = Debug|Any CPU
		{3EDCDCF1-86C4-438E-832D-6B5C96CA392A}.Release|Any CPU.ActiveCfg = Release|Any CPU
		{3EDCDCF1-86C4-438E-832D-6B5C96CA392A}.Release|Any CPU.Build.0 = Release|Any CPU
	EndGlobalSection
	GlobalSection(SolutionProperties) = preSolution
		HideSolutionNode = FALSE
	EndGlobalSection
	GlobalSection(ExtensibilityGlobals) = postSolution
		SolutionGuid = {110B1568-0B67-4ED4-A6C2-AF98A2039031}
	EndGlobalSection
EndGlobal
